
Microsoft Visual Studio Solution File, Format Version 12.00
Project("{FAE04EC0-301F-11D3-BF4B-00C04F79EFBC}") = "WebUI", "WebUI\WebUI.csproj", "{96059728-62FB-4F9B-8EE3-92131351C4F2}"
EndProject
Project("{FAE04EC0-301F-11D3-BF4B-00C04F79EFBC}") = "Domain", "Domain\Domain.csproj", "{F6A96AFC-D42D-43C0-A32B-B198A32169EE}"
EndProject
Project("{FAE04EC0-301F-11D3-BF4B-00C04F79EFBC}") = "Infrastructure", "Infrastructure\Infrastructure.csproj", "{37ACE99B-1828-4295-AF50-4BE406D50B5B}"
EndProject
Global
	GlobalSection(SolutionConfigurationPlatforms) = preSolution
		Debug|Any CPU = Debug|Any CPU
		Release|Any CPU = Release|Any CPU
	EndGlobalSection
	GlobalSection(ProjectConfigurationPlatforms) = postSolution
		{96059728-62FB-4F9B-8EE3-92131351C4F2}.Debug|Any CPU.ActiveCfg = Debug|Any CPU
		{96059728-62FB-4F9B-8EE3-92131351C4F2}.Debug|Any CPU.Build.0 = Debug|Any CPU
		{96059728-62FB-4F9B-8EE3-92131351C4F2}.Release|Any CPU.ActiveCfg = Release|Any CPU
		{96059728-62FB-4F9B-8EE3-92131351C4F2}.Release|Any CPU.Build.0 = Release|Any CPU
		{F6A96AFC-D42D-43C0-A32B-B198A32169EE}.Debug|Any CPU.ActiveCfg = Debug|Any CPU
		{F6A96AFC-D42D-43C0-A32B-B198A32169EE}.Debug|Any CPU.Build.0 = Debug|Any CPU
		{F6A96AFC-D42D-43C0-A32B-B198A32169EE}.Release|Any CPU.ActiveCfg = Release|Any CPU
		{F6A96AFC-D42D-43C0-A32B-B198A32169EE}.Release|Any CPU.Build.0 = Release|Any CPU
		{37ACE99B-1828-4295-AF50-4BE406D50B5B}.Debug|Any CPU.ActiveCfg = Debug|Any CPU
		{37ACE99B-1828-4295-AF50-4BE406D50B5B}.Debug|Any CPU.Build.0 = Debug|Any CPU
		{37ACE99B-1828-4295-AF50-4BE406D50B5B}.Release|Any CPU.ActiveCfg = Release|Any CPU
		{37ACE99B-1828-4295-AF50-4BE406D50B5B}.Release|Any CPU.Build.0 = Release|Any CPU
	EndGlobalSection
EndGlobal
